
Microsoft Visual Studio Solution File, Format Version 12.00
# Visual Studio Version 17
VisualStudioVersion = 17.10.35122.118
MinimumVisualStudioVersion = 10.0.40219.1
Project("{FAE04EC0-301F-11D3-BF4B-00C04F79EFBC}") = "ThreadManagerSemaphore", "ThreadManagerSemaphore\ThreadManagerSemaphore.csproj", "{16D926E9-0D31-48F7-850C-6EEAE1745914}"
EndProject
Global
	GlobalSection(SolutionConfigurationPlatforms) = preSolution
		Debug|Any CPU = Debug|Any CPU
		Release|Any CPU = Release|Any CPU
	EndGlobalSection
	GlobalSection(ProjectConfigurationPlatforms) = postSolution
		{16D926E9-0D31-48F7-850C-6EEAE1745914}.Debug|Any CPU.ActiveCfg = Debug|Any CPU
		{16D926E9-0D31-48F7-850C-6EEAE1745914}.Debug|Any CPU.Build.0 = Debug|Any CPU
		{16D926E9-0D31-48F7-850C-6EEAE1745914}.Release|Any CPU.ActiveCfg = Release|Any CPU
		{16D926E9-0D31-48F7-850C-6EEAE1745914}.Release|Any CPU.Build.0 = Release|Any CPU
	EndGlobalSection
	GlobalSection(SolutionProperties) = preSolution
		HideSolutionNode = FALSE
	EndGlobalSection
	GlobalSection(ExtensibilityGlobals) = postSolution
		SolutionGuid = {1B29CAD9-23C8-4628-967F-11EFC348E7FB}
	EndGlobalSection
EndGlobal
